
Microsoft Visual Studio Solution File, Format Version 12.00
# Visual Studio Version 17
Project("{8BC9CEB8-8B4A-11D0-8D11-00A0C91BC942}") = "box2D", "_build\box2D.vcxproj", "{C4442B0F-3059-53C0-F9DA-F61F65AE4FF1}"
EndProject
Project("{8BC9CEB8-8B4A-11D0-8D11-00A0C91BC942}") = "cereal", "_build\cereal.vcxproj", "{B1A331F6-9D45-5CCC-8600-70207241E31C}"
EndProject
Project("{8BC9CEB8-8B4A-11D0-8D11-00A0C91BC942}") = "extras", "_build\extras.vcxproj", "{9C1635FC-88B8-5FD2-7173-73265DB4E622}"
EndProject
Project("{8BC9CEB8-8B4A-11D0-8D11-00A0C91BC942}") = "game", "_build\game.vcxproj", "{9F35977C-8B6C-980D-3459-7E10206F140F}"
	ProjectSection(ProjectDependencies) = postProject
		{8898EA18-743A-15EF-5DF5-284349369C3F} = {8898EA18-743A-15EF-5DF5-284349369C3F}
	EndProjectSection
EndProject
Project("{8BC9CEB8-8B4A-11D0-8D11-00A0C91BC942}") = "raylib", "_build\raylib.vcxproj", "{8898EA18-743A-15EF-5DF5-284349369C3F}"
EndProject
Project("{8BC9CEB8-8B4A-11D0-8D11-00A0C91BC942}") = "steam_api64", "_build\steam_api64.vcxproj", "{C2A023CE-2E56-9CC3-B74A-969A23FF92C7}"
EndProject
Global
	GlobalSection(SolutionConfigurationPlatforms) = preSolution
		Debug|x64 = Debug|x64
		Release|x64 = Release|x64
	EndGlobalSection
	GlobalSection(SolutionConfigurationPlatforms) = preSolution
		Debug|ARM64 = Debug|ARM64
		Debug|Win32 = Debug|Win32
		Release|ARM64 = Release|ARM64
		Release|Win32 = Release|Win32
	EndGlobalSection
	GlobalSection(ProjectConfigurationPlatforms) = postSolution
		{C4442B0F-3059-53C0-F9DA-F61F65AE4FF1}.Debug|ARM64.ActiveCfg = Debug|ARM64
		{C4442B0F-3059-53C0-F9DA-F61F65AE4FF1}.Debug|ARM64.Build.0 = Debug|ARM64
		{C4442B0F-3059-53C0-F9DA-F61F65AE4FF1}.Debug|Win32.ActiveCfg = Debug|Win32
		{C4442B0F-3059-53C0-F9DA-F61F65AE4FF1}.Debug|Win32.Build.0 = Debug|Win32
		{C4442B0F-3059-53C0-F9DA-F61F65AE4FF1}.Debug|x64.ActiveCfg = Debug|x64
		{C4442B0F-3059-53C0-F9DA-F61F65AE4FF1}.Debug|x64.Build.0 = Debug|x64
		{C4442B0F-3059-53C0-F9DA-F61F65AE4FF1}.Release|ARM64.ActiveCfg = Release|ARM64
		{C4442B0F-3059-53C0-F9DA-F61F65AE4FF1}.Release|ARM64.Build.0 = Release|ARM64
		{C4442B0F-3059-53C0-F9DA-F61F65AE4FF1}.Release|Win32.ActiveCfg = Release|Win32
		{C4442B0F-3059-53C0-F9DA-F61F65AE4FF1}.Release|Win32.Build.0 = Release|Win32
		{C4442B0F-3059-53C0-F9DA-F61F65AE4FF1}.Release|x64.ActiveCfg = Release|x64
		{C4442B0F-3059-53C0-F9DA-F61F65AE4FF1}.Release|x64.Build.0 = Release|x64
		{B1A331F6-9D45-5CCC-8600-70207241E31C}.Debug|ARM64.ActiveCfg = Debug|ARM64
		{B1A331F6-9D45-5CCC-8600-70207241E31C}.Debug|ARM64.Build.0 = Debug|ARM64
		{B1A331F6-9D45-5CCC-8600-70207241E31C}.Debug|Win32.ActiveCfg = Debug|Win32
		{B1A331F6-9D45-5CCC-8600-70207241E31C}.Debug|Win32.Build.0 = Debug|Win32
		{B1A331F6-9D45-5CCC-8600-70207241E31C}.Debug|x64.ActiveCfg = Debug|x64
		{B1A331F6-9D45-5CCC-8600-70207241E31C}.Debug|x64.Build.0 = Debug|x64
		{B1A331F6-9D45-5CCC-8600-70207241E31C}.Release|ARM64.ActiveCfg = Release|ARM64
		{B1A331F6-9D45-5CCC-8600-70207241E31C}.Release|ARM64.Build.0 = Release|ARM64
		{B1A331F6-9D45-5CCC-8600-70207241E31C}.Release|Win32.ActiveCfg = Release|Win32
		{B1A331F6-9D45-5CCC-8600-70207241E31C}.Release|Win32.Build.0 = Release|Win32
		{B1A331F6-9D45-5CCC-8600-70207241E31C}.Release|x64.ActiveCfg = Release|x64
		{B1A331F6-9D45-5CCC-8600-70207241E31C}.Release|x64.Build.0 = Release|x64
		{9C1635FC-88B8-5FD2-7173-73265DB4E622}.Debug|ARM64.ActiveCfg = Debug|ARM64
		{9C1635FC-88B8-5FD2-7173-73265DB4E622}.Debug|ARM64.Build.0 = Debug|ARM64
		{9C1635FC-88B8-5FD2-7173-73265DB4E622}.Debug|Win32.ActiveCfg = Debug|Win32
		{9C1635FC-88B8-5FD2-7173-73265DB4E622}.Debug|Win32.Build.0 = Debug|Win32
		{9C1635FC-88B8-5FD2-7173-73265DB4E622}.Debug|x64.ActiveCfg = Debug|x64
		{9C1635FC-88B8-5FD2-7173-73265DB4E622}.Debug|x64.Build.0 = Debug|x64
		{9C1635FC-88B8-5FD2-7173-73265DB4E622}.Release|ARM64.ActiveCfg = Release|ARM64
		{9C1635FC-88B8-5FD2-7173-73265DB4E622}.Release|ARM64.Build.0 = Release|ARM64
		{9C1635FC-88B8-5FD2-7173-73265DB4E622}.Release|Win32.ActiveCfg = Release|Win32
		{9C1635FC-88B8-5FD2-7173-73265DB4E622}.Release|Win32.Build.0 = Release|Win32
		{9C1635FC-88B8-5FD2-7173-73265DB4E622}.Release|x64.ActiveCfg = Release|x64
		{9C1635FC-88B8-5FD2-7173-73265DB4E622}.Release|x64.Build.0 = Release|x64
		{9F35977C-8B6C-980D-3459-7E10206F140F}.Debug|ARM64.ActiveCfg = Debug|ARM64
		{9F35977C-8B6C-980D-3459-7E10206F140F}.Debug|ARM64.Build.0 = Debug|ARM64
		{9F35977C-8B6C-980D-3459-7E10206F140F}.Debug|Win32.ActiveCfg = Debug|Win32
		{9F35977C-8B6C-980D-3459-7E10206F140F}.Debug|Win32.Build.0 = Debug|Win32
		{9F35977C-8B6C-980D-3459-7E10206F140F}.Debug|x64.ActiveCfg = Debug|x64
		{9F35977C-8B6C-980D-3459-7E10206F140F}.Debug|x64.Build.0 = Debug|x64
		{9F35977C-8B6C-980D-3459-7E10206F140F}.Release|ARM64.ActiveCfg = Release|ARM64
		{9F35977C-8B6C-980D-3459-7E10206F140F}.Release|ARM64.Build.0 = Release|ARM64
		{9F35977C-8B6C-980D-3459-7E10206F140F}.Release|Win32.ActiveCfg = Release|Win32
		{9F35977C-8B6C-980D-3459-7E10206F140F}.Release|Win32.Build.0 = Release|Win32
		{9F35977C-8B6C-980D-3459-7E10206F140F}.Release|x64.ActiveCfg = Release|x64
		{9F35977C-8B6C-980D-3459-7E10206F140F}.Release|x64.Build.0 = Release|x64
		{8898EA18-743A-15EF-5DF5-284349369C3F}.Debug|ARM64.ActiveCfg = Debug|ARM64
		{8898EA18-743A-15EF-5DF5-284349369C3F}.Debug|ARM64.Build.0 = Debug|ARM64
		{8898EA18-743A-15EF-5DF5-284349369C3F}.Debug|Win32.ActiveCfg = Debug|Win32
		{8898EA18-743A-15EF-5DF5-284349369C3F}.Debug|Win32.Build.0 = Debug|Win32
		{8898EA18-743A-15EF-5DF5-284349369C3F}.Debug|x64.ActiveCfg = Debug|x64
		{8898EA18-743A-15EF-5DF5-284349369C3F}.Debug|x64.Build.0 = Debug|x64
		{8898EA18-743A-15EF-5DF5-284349369C3F}.Release|ARM64.ActiveCfg = Release|ARM64
		{8898EA18-743A-15EF-5DF5-284349369C3F}.Release|ARM64.Build.0 = Release|ARM64
		{8898EA18-743A-15EF-5DF5-284349369C3F}.Release|Win32.ActiveCfg = Release|Win32
		{8898EA18-743A-15EF-5DF5-284349369C3F}.Release|Win32.Build.0 = Release|Win32
		{8898EA18-743A-15EF-5DF5-284349369C3F}.Release|x64.ActiveCfg = Release|x64
		{8898EA18-743A-15EF-5DF5-284349369C3F}.Release|x64.Build.0 = Release|x64
		{C2A023CE-2E56-9CC3-B74A-969A23FF92C7}.Debug|ARM64.ActiveCfg = Debug|ARM64
		{C2A023CE-2E56-9CC3-B74A-969A23FF92C7}.Debug|ARM64.Build.0 = Debug|ARM64
		{C2A023CE-2E56-9CC3-B74A-969A23FF92C7}.Debug|Win32.ActiveCfg = Debug|Win32
		{C2A023CE-2E56-9CC3-B74A-969A23FF92C7}.Debug|Win32.Build.0 = Debug|Win32
		{C2A023CE-2E56-9CC3-B74A-969A23FF92C7}.Debug|x64.ActiveCfg = Debug|x64
		{C2A023CE-2E56-9CC3-B74A-969A23FF92C7}.Debug|x64.Build.0 = Debug|x64
		{C2A023CE-2E56-9CC3-B74A-969A23FF92C7}.Release|ARM64.ActiveCfg = Release|ARM64
		{C2A023CE-2E56-9CC3-B74A-969A23FF92C7}.Release|ARM64.Build.0 = Release|ARM64
		{C2A023CE-2E56-9CC3-B74A-969A23FF92C7}.Release|Win32.ActiveCfg = Release|Win32
		{C2A023CE-2E56-9CC3-B74A-969A23FF92C7}.Release|Win32.Build.0 = Release|Win32
		{C2A023CE-2E56-9CC3-B74A-969A23FF92C7}.Release|x64.ActiveCfg = Release|x64
		{C2A023CE-2E56-9CC3-B74A-969A23FF92C7}.Release|x64.Build.0 = Release|x64
	EndGlobalSection
	GlobalSection(SolutionProperties) = preSolution
		HideSolutionNode = FALSE
	EndGlobalSection
EndGlobal
